
Microsoft Visual Studio Solution File, Format Version 12.00
# Visual Studio Version 17
VisualStudioVersion = 17.1.32210.238
MinimumVisualStudioVersion = 10.0.40219.1
Project("{FAE04EC0-301F-11D3-BF4B-00C04F79EFBC}") = "lab4_4", "lab4_4\lab4_4.csproj", "{2BB9BE6A-2778-4EF8-98B7-F2ABA098754E}"
EndProject
Project("{FAE04EC0-301F-11D3-BF4B-00C04F79EFBC}") = "lab4_4_tests", "lab4_4_tests\lab4_4_tests.csproj", "{430A20F1-2246-43E5-8F07-5E69DD71C61D}"
EndProject
Global
	GlobalSection(SolutionConfigurationPlatforms) = preSolution
		Debug|Any CPU = Debug|Any CPU
		Release|Any CPU = Release|Any CPU
	EndGlobalSection
	GlobalSection(ProjectConfigurationPlatforms) = postSolution
		{2BB9BE6A-2778-4EF8-98B7-F2ABA098754E}.Debug|Any CPU.ActiveCfg = Debug|Any CPU
		{2BB9BE6A-2778-4EF8-98B7-F2ABA098754E}.Debug|Any CPU.Build.0 = Debug|Any CPU
		{2BB9BE6A-2778-4EF8-98B7-F2ABA098754E}.Release|Any CPU.ActiveCfg = Release|Any CPU
		{2BB9BE6A-2778-4EF8-98B7-F2ABA098754E}.Release|Any CPU.Build.0 = Release|Any CPU
		{430A20F1-2246-43E5-8F07-5E69DD71C61D}.Debug|Any CPU.ActiveCfg = Debug|Any CPU
		{430A20F1-2246-43E5-8F07-5E69DD71C61D}.Debug|Any CPU.Build.0 = Debug|Any CPU
		{430A20F1-2246-43E5-8F07-5E69DD71C61D}.Release|Any CPU.ActiveCfg = Release|Any CPU
		{430A20F1-2246-43E5-8F07-5E69DD71C61D}.Release|Any CPU.Build.0 = Release|Any CPU
	EndGlobalSection
	GlobalSection(SolutionProperties) = preSolution
		HideSolutionNode = FALSE
	EndGlobalSection
	GlobalSection(ExtensibilityGlobals) = postSolution
		SolutionGuid = {05DAE767-AA4E-42AD-BFB8-3001F1BD713E}
	EndGlobalSection
EndGlobal
